
Microsoft Visual Studio Solution File, Format Version 12.00
Project("{FAE04EC0-301F-11D3-BF4B-00C04F79EFBC}") = "TravelCost.Api", "TravelCost.Api\TravelCost.Api.csproj", "{E6C74A54-A379-4B50-A706-CCEBB65440C3}"
EndProject
Project("{FAE04EC0-301F-11D3-BF4B-00C04F79EFBC}") = "TravelCost.Domain", "TravelCost.Domain\TravelCost.Domain.csproj", "{B97984A3-F31A-4FEF-A7D6-6038DC97B3C2}"
EndProject
Project("{FAE04EC0-301F-11D3-BF4B-00C04F79EFBC}") = "TravelCost.Infrastructure", "TravelCost.Infrastructure\TravelCost.Infrastructure.csproj", "{04808FB8-FFCD-49F5-8DD8-D748D6005F8B}"
EndProject
Project("{FAE04EC0-301F-11D3-BF4B-00C04F79EFBC}") = "TravelCost.Tests", "TravelCost.Tests\TravelCost.Tests.csproj", "{545A3326-9907-4659-AAA5-53C7333B4256}"
EndProject
Global
	GlobalSection(SolutionConfigurationPlatforms) = preSolution
		Debug|Any CPU = Debug|Any CPU
		Release|Any CPU = Release|Any CPU
	EndGlobalSection
	GlobalSection(ProjectConfigurationPlatforms) = postSolution
		{E6C74A54-A379-4B50-A706-CCEBB65440C3}.Debug|Any CPU.ActiveCfg = Debug|Any CPU
		{E6C74A54-A379-4B50-A706-CCEBB65440C3}.Debug|Any CPU.Build.0 = Debug|Any CPU
		{E6C74A54-A379-4B50-A706-CCEBB65440C3}.Release|Any CPU.ActiveCfg = Release|Any CPU
		{E6C74A54-A379-4B50-A706-CCEBB65440C3}.Release|Any CPU.Build.0 = Release|Any CPU
		{B97984A3-F31A-4FEF-A7D6-6038DC97B3C2}.Debug|Any CPU.ActiveCfg = Debug|Any CPU
		{B97984A3-F31A-4FEF-A7D6-6038DC97B3C2}.Debug|Any CPU.Build.0 = Debug|Any CPU
		{B97984A3-F31A-4FEF-A7D6-6038DC97B3C2}.Release|Any CPU.ActiveCfg = Release|Any CPU
		{B97984A3-F31A-4FEF-A7D6-6038DC97B3C2}.Release|Any CPU.Build.0 = Release|Any CPU
		{04808FB8-FFCD-49F5-8DD8-D748D6005F8B}.Debug|Any CPU.ActiveCfg = Debug|Any CPU
		{04808FB8-FFCD-49F5-8DD8-D748D6005F8B}.Debug|Any CPU.Build.0 = Debug|Any CPU
		{04808FB8-FFCD-49F5-8DD8-D748D6005F8B}.Release|Any CPU.ActiveCfg = Release|Any CPU
		{04808FB8-FFCD-49F5-8DD8-D748D6005F8B}.Release|Any CPU.Build.0 = Release|Any CPU
		{545A3326-9907-4659-AAA5-53C7333B4256}.Debug|Any CPU.ActiveCfg = Debug|Any CPU
		{545A3326-9907-4659-AAA5-53C7333B4256}.Debug|Any CPU.Build.0 = Debug|Any CPU
		{545A3326-9907-4659-AAA5-53C7333B4256}.Release|Any CPU.ActiveCfg = Release|Any CPU
		{545A3326-9907-4659-AAA5-53C7333B4256}.Release|Any CPU.Build.0 = Release|Any CPU
	EndGlobalSection
EndGlobal
